
Microsoft Visual Studio Solution File, Format Version 12.00
# Visual Studio Version 17
VisualStudioVersion = 17.14.36511.14 d17.14
MinimumVisualStudioVersion = 10.0.40219.1
Project("{FAE04EC0-301F-11D3-BF4B-00C04F79EFBC}") = "Arreglo generico parametrizado", "Arreglo generico parametrizado\Arreglo generico parametrizado.csproj", "{BA058FF2-F2C9-4A84-95C8-A429DD29E6FB}"
EndProject
Global
	GlobalSection(SolutionConfigurationPlatforms) = preSolution
		Debug|Any CPU = Debug|Any CPU
		Release|Any CPU = Release|Any CPU
	EndGlobalSection
	GlobalSection(ProjectConfigurationPlatforms) = postSolution
		{BA058FF2-F2C9-4A84-95C8-A429DD29E6FB}.Debug|Any CPU.ActiveCfg = Debug|Any CPU
		{BA058FF2-F2C9-4A84-95C8-A429DD29E6FB}.Debug|Any CPU.Build.0 = Debug|Any CPU
		{BA058FF2-F2C9-4A84-95C8-A429DD29E6FB}.Release|Any CPU.ActiveCfg = Release|Any CPU
		{BA058FF2-F2C9-4A84-95C8-A429DD29E6FB}.Release|Any CPU.Build.0 = Release|Any CPU
	EndGlobalSection
	GlobalSection(SolutionProperties) = preSolution
		HideSolutionNode = FALSE
	EndGlobalSection
	GlobalSection(ExtensibilityGlobals) = postSolution
		SolutionGuid = {772FFA14-BC87-4EE4-8550-0BFEE258BAAD}
	EndGlobalSection
EndGlobal
